
Microsoft Visual Studio Solution File, Format Version 12.00
# Visual Studio Version 16
VisualStudioVersion = 16.0.35026.282
MinimumVisualStudioVersion = 10.0.40219.1
Project("{FAE04EC0-301F-11D3-BF4B-00C04F79EFBC}") = "proj", "proj\proj.csproj", "{FEA0716E-2C0B-4354-83C0-0860961A398B}"
EndProject
Global
	GlobalSection(SolutionConfigurationPlatforms) = preSolution
		Debug|Any CPU = Debug|Any CPU
		Release|Any CPU = Release|Any CPU
	EndGlobalSection
	GlobalSection(ProjectConfigurationPlatforms) = postSolution
		{FEA0716E-2C0B-4354-83C0-0860961A398B}.Debug|Any CPU.ActiveCfg = Debug|Any CPU
		{FEA0716E-2C0B-4354-83C0-0860961A398B}.Debug|Any CPU.Build.0 = Debug|Any CPU
		{FEA0716E-2C0B-4354-83C0-0860961A398B}.Release|Any CPU.ActiveCfg = Release|Any CPU
		{FEA0716E-2C0B-4354-83C0-0860961A398B}.Release|Any CPU.Build.0 = Release|Any CPU
	EndGlobalSection
	GlobalSection(SolutionProperties) = preSolution
		HideSolutionNode = FALSE
	EndGlobalSection
	GlobalSection(ExtensibilityGlobals) = postSolution
		SolutionGuid = {C85E9A54-3C86-478B-8A7E-42939D47F923}
	EndGlobalSection
EndGlobal
