
Microsoft Visual Studio Solution File, Format Version 12.00
# Visual Studio Version 16
VisualStudioVersion = 16.0.34931.43
MinimumVisualStudioVersion = 10.0.40219.1
Project("{FAE04EC0-301F-11D3-BF4B-00C04F79EFBC}") = "assignment6", "assignment6\assignment6.csproj", "{9FE198FE-489B-468C-89C1-98C97A6776AB}"
EndProject
Project("{FAE04EC0-301F-11D3-BF4B-00C04F79EFBC}") = "ConcessionLibrary", "ConcessionLibrary\ConcessionLibrary.csproj", "{15A0EDD6-1EFA-48EA-8E91-682C81E7DB52}"
EndProject
Project("{FAE04EC0-301F-11D3-BF4B-00C04F79EFBC}") = "Concession_Library", "Concession_Library\Concession_Library.csproj", "{0CC3D476-2478-41FA-BAA6-A5138D66301E}"
EndProject
Global
	GlobalSection(SolutionConfigurationPlatforms) = preSolution
		Debug|Any CPU = Debug|Any CPU
		Release|Any CPU = Release|Any CPU
	EndGlobalSection
	GlobalSection(ProjectConfigurationPlatforms) = postSolution
		{9FE198FE-489B-468C-89C1-98C97A6776AB}.Debug|Any CPU.ActiveCfg = Debug|Any CPU
		{9FE198FE-489B-468C-89C1-98C97A6776AB}.Debug|Any CPU.Build.0 = Debug|Any CPU
		{9FE198FE-489B-468C-89C1-98C97A6776AB}.Release|Any CPU.ActiveCfg = Release|Any CPU
		{9FE198FE-489B-468C-89C1-98C97A6776AB}.Release|Any CPU.Build.0 = Release|Any CPU
		{15A0EDD6-1EFA-48EA-8E91-682C81E7DB52}.Debug|Any CPU.ActiveCfg = Debug|Any CPU
		{15A0EDD6-1EFA-48EA-8E91-682C81E7DB52}.Debug|Any CPU.Build.0 = Debug|Any CPU
		{15A0EDD6-1EFA-48EA-8E91-682C81E7DB52}.Release|Any CPU.ActiveCfg = Release|Any CPU
		{15A0EDD6-1EFA-48EA-8E91-682C81E7DB52}.Release|Any CPU.Build.0 = Release|Any CPU
		{0CC3D476-2478-41FA-BAA6-A5138D66301E}.Debug|Any CPU.ActiveCfg = Debug|Any CPU
		{0CC3D476-2478-41FA-BAA6-A5138D66301E}.Debug|Any CPU.Build.0 = Debug|Any CPU
		{0CC3D476-2478-41FA-BAA6-A5138D66301E}.Release|Any CPU.ActiveCfg = Release|Any CPU
		{0CC3D476-2478-41FA-BAA6-A5138D66301E}.Release|Any CPU.Build.0 = Release|Any CPU
	EndGlobalSection
	GlobalSection(SolutionProperties) = preSolution
		HideSolutionNode = FALSE
	EndGlobalSection
	GlobalSection(ExtensibilityGlobals) = postSolution
		SolutionGuid = {EDA22C05-FE1E-4418-801A-FB47900F81E2}
	EndGlobalSection
EndGlobal
